// !$*UTF8*$!
{
	archiveVersion = 1;
	classes = {
	};
	objectVersion = 50;
	objects = {

/* Begin PBXBuildFile section */
		A8DFF74F25AB341900ACBF50 /* AppDelegate.swift in Sources */ = {isa = PBXBuildFile; fileRef = A8DFF74E25AB341900ACBF50 /* AppDelegate.swift */; };
		A8DFF75125AB341900ACBF50 /* SceneDelegate.swift in Sources */ = {isa = PBXBuildFile; fileRef = A8DFF75025AB341900ACBF50 /* SceneDelegate.swift */; };
		A8DFF75325AB341900ACBF50 /* TasksViewController.swift in Sources */ = {isa = PBXBuildFile; fileRef = A8DFF75225AB341900ACBF50 /* TasksViewController.swift */; };
		A8DFF75625AB341900ACBF50 /* Main.storyboard in Resources */ = {isa = PBXBuildFile; fileRef = A8DFF75425AB341900ACBF50 /* Main.storyboard */; };
		A8DFF75925AB341900ACBF50 /* CompositeProject.xcdatamodeld in Sources */ = {isa = PBXBuildFile; fileRef = A8DFF75725AB341900ACBF50 /* CompositeProject.xcdatamodeld */; };
		A8DFF75B25AB341A00ACBF50 /* Assets.xcassets in Resources */ = {isa = PBXBuildFile; fileRef = A8DFF75A25AB341A00ACBF50 /* Assets.xcassets */; };
		A8DFF75E25AB341A00ACBF50 /* LaunchScreen.storyboard in Resources */ = {isa = PBXBuildFile; fileRef = A8DFF75C25AB341A00ACBF50 /* LaunchScreen.storyboard */; };
		A8DFF76925AB341A00ACBF50 /* CompositeProjectTests.swift in Sources */ = {isa = PBXBuildFile; fileRef = A8DFF76825AB341A00ACBF50 /* CompositeProjectTests.swift */; };
		A8DFF77425AB341A00ACBF50 /* CompositeProjectUITests.swift in Sources */ = {isa = PBXBuildFile; fileRef = A8DFF77325AB341A00ACBF50 /* CompositeProjectUITests.swift */; };
		A8DFF78925AB39D000ACBF50 /* Task.swift in Sources */ = {isa = PBXBuildFile; fileRef = A8DFF78825AB39D000ACBF50 /* Task.swift */; };
		A8DFF79125AB3C0900ACBF50 /* CompositeTask.swift in Sources */ = {isa = PBXBuildFile; fileRef = A8DFF79025AB3C0900ACBF50 /* CompositeTask.swift */; };
		A8DFF79B25AB43B100ACBF50 /* TasksTableViewCell.swift in Sources */ = {isa = PBXBuildFile; fileRef = A8DFF79925AB43B100ACBF50 /* TasksTableViewCell.swift */; };
		A8DFF79C25AB43B100ACBF50 /* TasksTableViewCell.xib in Resources */ = {isa = PBXBuildFile; fileRef = A8DFF79A25AB43B100ACBF50 /* TasksTableViewCell.xib */; };
		A8DFF7AD25AB546C00ACBF50 /* AddTaskViewController.swift in Sources */ = {isa = PBXBuildFile; fileRef = A8DFF7AC25AB546C00ACBF50 /* AddTaskViewController.swift */; };
		A8DFF7B225AB5D3F00ACBF50 /* SimpleTask.swift in Sources */ = {isa = PBXBuildFile; fileRef = A8DFF7B125AB5D3F00ACBF50 /* SimpleTask.swift */; };
/* End PBXBuildFile section */

/* Begin PBXContainerItemProxy section */
		A8DFF76525AB341A00ACBF50 /* PBXContainerItemProxy */ = {
			isa = PBXContainerItemProxy;
			containerPortal = A8DFF74325AB341900ACBF50 /* Project object */;
			proxyType = 1;
			remoteGlobalIDString = A8DFF74A25AB341900ACBF50;
			remoteInfo = CompositeProject;
		};
		A8DFF77025AB341A00ACBF50 /* PBXContainerItemProxy */ = {
			isa = PBXContainerItemProxy;
			containerPortal = A8DFF74325AB341900ACBF50 /* Project object */;
			proxyType = 1;
			remoteGlobalIDString = A8DFF74A25AB341900ACBF50;
			remoteInfo = CompositeProject;
		};
/* End PBXContainerItemProxy section */

/* Begin PBXFileReference section */
		A8DFF74B25AB341900ACBF50 /* CompositeProject.app */ = {isa = PBXFileReference; explicitFileType = wrapper.application; includeInIndex = 0; path = CompositeProject.app; sourceTree = BUILT_PRODUCTS_DIR; };
		A8DFF74E25AB341900ACBF50 /* AppDelegate.swift */ = {isa = PBXFileReference; lastKnownFileType = sourcecode.swift; path = AppDelegate.swift; sourceTree = "<group>"; };
		A8DFF75025AB341900ACBF50 /* SceneDelegate.swift */ = {isa = PBXFileReference; lastKnownFileType = sourcecode.swift; path = SceneDelegate.swift; sourceTree = "<group>"; };
		A8DFF75225AB341900ACBF50 /* TasksViewController.swift */ = {isa = PBXFileReference; lastKnownFileType = sourcecode.swift; path = TasksViewController.swift; sourceTree = "<group>"; };
		A8DFF75525AB341900ACBF50 /* Base */ = {isa = PBXFileReference; lastKnownFileType = file.storyboard; name = Base; path = Base.lproj/Main.storyboard; sourceTree = "<group>"; };
		A8DFF75825AB341900ACBF50 /* CompositeProject.xcdatamodel */ = {isa = PBXFileReference; lastKnownFileType = wrapper.xcdatamodel; path = CompositeProject.xcdatamodel; sourceTree = "<group>"; };
		A8DFF75A25AB341A00ACBF50 /* Assets.xcassets */ = {isa = PBXFileReference; lastKnownFileType = folder.assetcatalog; path = Assets.xcassets; sourceTree = "<group>"; };
		A8DFF75D25AB341A00ACBF50 /* Base */ = {isa = PBXFileReference; lastKnownFileType = file.storyboard; name = Base; path = Base.lproj/LaunchScreen.storyboard; sourceTree = "<group>"; };
		A8DFF75F25AB341A00ACBF50 /* Info.plist */ = {isa = PBXFileReference; lastKnownFileType = text.plist.xml; path = Info.plist; sourceTree = "<group>"; };
		A8DFF76425AB341A00ACBF50 /* CompositeProjectTests.xctest */ = {isa = PBXFileReference; explicitFileType = wrapper.cfbundle; includeInIndex = 0; path = CompositeProjectTests.xctest; sourceTree = BUILT_PRODUCTS_DIR; };
		A8DFF76825AB341A00ACBF50 /* CompositeProjectTests.swift */ = {isa = PBXFileReference; lastKnownFileType = sourcecode.swift; path = CompositeProjectTests.swift; sourceTree = "<group>"; };
		A8DFF76A25AB341A00ACBF50 /* Info.plist */ = {isa = PBXFileReference; lastKnownFileType = text.plist.xml; path = Info.plist; sourceTree = "<group>"; };
		A8DFF76F25AB341A00ACBF50 /* CompositeProjectUITests.xctest */ = {isa = PBXFileReference; explicitFileType = wrapper.cfbundle; includeInIndex = 0; path = CompositeProjectUITests.xctest; sourceTree = BUILT_PRODUCTS_DIR; };
		A8DFF77325AB341A00ACBF50 /* CompositeProjectUITests.swift */ = {isa = PBXFileReference; lastKnownFileType = sourcecode.swift; path = CompositeProjectUITests.swift; sourceTree = "<group>"; };
		A8DFF77525AB341A00ACBF50 /* Info.plist */ = {isa = PBXFileReference; lastKnownFileType = text.plist.xml; path = Info.plist; sourceTree = "<group>"; };
		A8DFF78825AB39D000ACBF50 /* Task.swift */ = {isa = PBXFileReference; lastKnownFileType = sourcecode.swift; path = Task.swift; sourceTree = "<group>"; };
		A8DFF79025AB3C0900ACBF50 /* CompositeTask.swift */ = {isa = PBXFileReference; lastKnownFileType = sourcecode.swift; path = CompositeTask.swift; sourceTree = "<group>"; };
		A8DFF79925AB43B100ACBF50 /* TasksTableViewCell.swift */ = {isa = PBXFileReference; lastKnownFileType = sourcecode.swift; path = TasksTableViewCell.swift; sourceTree = "<group>"; };
		A8DFF79A25AB43B100ACBF50 /* TasksTableViewCell.xib */ = {isa = PBXFileReference; lastKnownFileType = file.xib; path = TasksTableViewCell.xib; sourceTree = "<group>"; };
		A8DFF7AC25AB546C00ACBF50 /* AddTaskViewController.swift */ = {isa = PBXFileReference; lastKnownFileType = sourcecode.swift; path = AddTaskViewController.swift; sourceTree = "<group>"; };
		A8DFF7B125AB5D3F00ACBF50 /* SimpleTask.swift */ = {isa = PBXFileReference; lastKnownFileType = sourcecode.swift; path = SimpleTask.swift; sourceTree = "<group>"; };
/* End PBXFileReference section */

/* Begin PBXFrameworksBuildPhase section */
		A8DFF74825AB341900ACBF50 /* Frameworks */ = {
			isa = PBXFrameworksBuildPhase;
			buildActionMask = 2147483647;
			files = (
			);
			runOnlyForDeploymentPostprocessing = 0;
		};
		A8DFF76125AB341A00ACBF50 /* Frameworks */ = {
			isa = PBXFrameworksBuildPhase;
			buildActionMask = 2147483647;
			files = (
			);
			runOnlyForDeploymentPostprocessing = 0;
		};
		A8DFF76C25AB341A00ACBF50 /* Frameworks */ = {
			isa = PBXFrameworksBuildPhase;
			buildActionMask = 2147483647;
			files = (
			);
			runOnlyForDeploymentPostprocessing = 0;
		};
/* End PBXFrameworksBuildPhase section */

/* Begin PBXGroup section */
		A8DFF74225AB341900ACBF50 = {
			isa = PBXGroup;
			children = (
				A8DFF74D25AB341900ACBF50 /* CompositeProject */,
				A8DFF76725AB341A00ACBF50 /* CompositeProjectTests */,
				A8DFF77225AB341A00ACBF50 /* CompositeProjectUITests */,
				A8DFF74C25AB341900ACBF50 /* Products */,
			);
			sourceTree = "<group>";
		};
		A8DFF74C25AB341900ACBF50 /* Products */ = {
			isa = PBXGroup;
			children = (
				A8DFF74B25AB341900ACBF50 /* CompositeProject.app */,
				A8DFF76425AB341A00ACBF50 /* CompositeProjectTests.xctest */,
				A8DFF76F25AB341A00ACBF50 /* CompositeProjectUITests.xctest */,
			);
			name = Products;
			sourceTree = "<group>";
		};
		A8DFF74D25AB341900ACBF50 /* CompositeProject */ = {
			isa = PBXGroup;
			children = (
				A8DFF78725AB399900ACBF50 /* Composite */,
				A8DFF79825AB430700ACBF50 /* TasksViewController */,
				A8DFF7A825AB541800ACBF50 /* AddTaskViewController */,
				A8DFF74E25AB341900ACBF50 /* AppDelegate.swift */,
				A8DFF75025AB341900ACBF50 /* SceneDelegate.swift */,
				A8DFF75425AB341900ACBF50 /* Main.storyboard */,
				A8DFF75A25AB341A00ACBF50 /* Assets.xcassets */,
				A8DFF75C25AB341A00ACBF50 /* LaunchScreen.storyboard */,
				A8DFF75F25AB341A00ACBF50 /* Info.plist */,
				A8DFF75725AB341900ACBF50 /* CompositeProject.xcdatamodeld */,
			);
			path = CompositeProject;
			sourceTree = "<group>";
		};
		A8DFF76725AB341A00ACBF50 /* CompositeProjectTests */ = {
			isa = PBXGroup;
			children = (
				A8DFF76825AB341A00ACBF50 /* CompositeProjectTests.swift */,
				A8DFF76A25AB341A00ACBF50 /* Info.plist */,
			);
			path = CompositeProjectTests;
			sourceTree = "<group>";
		};
		A8DFF77225AB341A00ACBF50 /* CompositeProjectUITests */ = {
			isa = PBXGroup;
			children = (
				A8DFF77325AB341A00ACBF50 /* CompositeProjectUITests.swift */,
				A8DFF77525AB341A00ACBF50 /* Info.plist */,
			);
			path = CompositeProjectUITests;
			sourceTree = "<group>";
		};
		A8DFF78725AB399900ACBF50 /* Composite */ = {
			isa = PBXGroup;
			children = (
				A8DFF78825AB39D000ACBF50 /* Task.swift */,
				A8DFF79025AB3C0900ACBF50 /* CompositeTask.swift */,
				A8DFF7B125AB5D3F00ACBF50 /* SimpleTask.swift */,
			);
			path = Composite;
			sourceTree = "<group>";
		};
		A8DFF79825AB430700ACBF50 /* TasksViewController */ = {
			isa = PBXGroup;
			children = (
				A8DFF75225AB341900ACBF50 /* TasksViewController.swift */,
				A8DFF79925AB43B100ACBF50 /* TasksTableViewCell.swift */,
				A8DFF79A25AB43B100ACBF50 /* TasksTableViewCell.xib */,
			);
			path = TasksViewController;
			sourceTree = "<group>";
		};
		A8DFF7A825AB541800ACBF50 /* AddTaskViewController */ = {
			isa = PBXGroup;
			children = (
				A8DFF7AC25AB546C00ACBF50 /* AddTaskViewController.swift */,
			);
			path = AddTaskViewController;
			sourceTree = "<group>";
		};
/* End PBXGroup section */

/* Begin PBXNativeTarget section */
		A8DFF74A25AB341900ACBF50 /* CompositeProject */ = {
			isa = PBXNativeTarget;
			buildConfigurationList = A8DFF77825AB341A00ACBF50 /* Build configuration list for PBXNativeTarget "CompositeProject" */;
			buildPhases = (
				A8DFF74725AB341900ACBF50 /* Sources */,
				A8DFF74825AB341900ACBF50 /* Frameworks */,
				A8DFF74925AB341900ACBF50 /* Resources */,
			);
			buildRules = (
			);
			dependencies = (
			);
			name = CompositeProject;
			productName = CompositeProject;
			productReference = A8DFF74B25AB341900ACBF50 /* CompositeProject.app */;
			productType = "com.apple.product-type.application";
		};
		A8DFF76325AB341A00ACBF50 /* CompositeProjectTests */ = {
			isa = PBXNativeTarget;
			buildConfigurationList = A8DFF77B25AB341A00ACBF50 /* Build configuration list for PBXNativeTarget "CompositeProjectTests" */;
			buildPhases = (
				A8DFF76025AB341A00ACBF50 /* Sources */,
				A8DFF76125AB341A00ACBF50 /* Frameworks */,
				A8DFF76225AB341A00ACBF50 /* Resources */,
			);
			buildRules = (
			);
			dependencies = (
				A8DFF76625AB341A00ACBF50 /* PBXTargetDependency */,
			);
			name = CompositeProjectTests;
			productName = CompositeProjectTests;
			productReference = A8DFF76425AB341A00ACBF50 /* CompositeProjectTests.xctest */;
			productType = "com.apple.product-type.bundle.unit-test";
		};
		A8DFF76E25AB341A00ACBF50 /* CompositeProjectUITests */ = {
			isa = PBXNativeTarget;
			buildConfigurationList = A8DFF77E25AB341A00ACBF50 /* Build configuration list for PBXNativeTarget "CompositeProjectUITests" */;
			buildPhases = (
				A8DFF76B25AB341A00ACBF50 /* Sources */,
				A8DFF76C25AB341A00ACBF50 /* Frameworks */,
				A8DFF76D25AB341A00ACBF50 /* Resources */,
			);
			buildRules = (
			);
			dependencies = (
				A8DFF77125AB341A00ACBF50 /* PBXTargetDependency */,
			);
			name = CompositeProjectUITests;
			productName = CompositeProjectUITests;
			productReference = A8DFF76F25AB341A00ACBF50 /* CompositeProjectUITests.xctest */;
			productType = "com.apple.product-type.bundle.ui-testing";
		};
/* End PBXNativeTarget section */

/* Begin PBXProject section */
		A8DFF74325AB341900ACBF50 /* Project object */ = {
			isa = PBXProject;
			attributes = {
				LastSwiftUpdateCheck = 1230;
				LastUpgradeCheck = 1230;
				TargetAttributes = {
					A8DFF74A25AB341900ACBF50 = {
						CreatedOnToolsVersion = 12.3;
					};
					A8DFF76325AB341A00ACBF50 = {
						CreatedOnToolsVersion = 12.3;
						TestTargetID = A8DFF74A25AB341900ACBF50;
					};
					A8DFF76E25AB341A00ACBF50 = {
						CreatedOnToolsVersion = 12.3;
						TestTargetID = A8DFF74A25AB341900ACBF50;
					};
				};
			};
			buildConfigurationList = A8DFF74625AB341900ACBF50 /* Build configuration list for PBXProject "CompositeProject" */;
			compatibilityVersion = "Xcode 9.3";
			developmentRegion = en;
			hasScannedForEncodings = 0;
			knownRegions = (
				en,
				Base,
			);
			mainGroup = A8DFF74225AB341900ACBF50;
			productRefGroup = A8DFF74C25AB341900ACBF50 /* Products */;
			projectDirPath = "";
			projectRoot = "";
			targets = (
				A8DFF74A25AB341900ACBF50 /* CompositeProject */,
				A8DFF76325AB341A00ACBF50 /* CompositeProjectTests */,
				A8DFF76E25AB341A00ACBF50 /* CompositeProjectUITests */,
			);
		};
/* End PBXProject section */

/* Begin PBXResourcesBuildPhase section */
		A8DFF74925AB341900ACBF50 /* Resources */ = {
			isa = PBXResourcesBuildPhase;
			buildActionMask = 2147483647;
			files = (
				A8DFF79C25AB43B100ACBF50 /* TasksTableViewCell.xib in Resources */,
				A8DFF75E25AB341A00ACBF50 /* LaunchScreen.storyboard in Resources */,
				A8DFF75B25AB341A00ACBF50 /* Assets.xcassets in Resources */,
				A8DFF75625AB341900ACBF50 /* Main.storyboard in Resources */,
			);
			runOnlyForDeploymentPostprocessing = 0;
		};
		A8DFF76225AB341A00ACBF50 /* Resources */ = {
			isa = PBXResourcesBuildPhase;
			buildActionMask = 2147483647;
			files = (
			);
			runOnlyForDeploymentPostprocessing = 0;
		};
		A8DFF76D25AB341A00ACBF50 /* Resources */ = {
			isa = PBXResourcesBuildPhase;
			buildActionMask = 2147483647;
			files = (
			);
			runOnlyForDeploymentPostprocessing = 0;
		};
/* End PBXResourcesBuildPhase section */

/* Begin PBXSourcesBuildPhase section */
		A8DFF74725AB341900ACBF50 /* Sources */ = {
			isa = PBXSourcesBuildPhase;
			buildActionMask = 2147483647;
			files = (
				A8DFF7B225AB5D3F00ACBF50 /* SimpleTask.swift in Sources */,
				A8DFF75325AB341900ACBF50 /* TasksViewController.swift in Sources */,
				A8DFF7AD25AB546C00ACBF50 /* AddTaskViewController.swift in Sources */,
				A8DFF74F25AB341900ACBF50 /* AppDelegate.swift in Sources */,
				A8DFF78925AB39D000ACBF50 /* Task.swift in Sources */,
				A8DFF75125AB341900ACBF50 /* SceneDelegate.swift in Sources */,
				A8DFF79125AB3C0900ACBF50 /* CompositeTask.swift in Sources */,
				A8DFF75925AB341900ACBF50 /* CompositeProject.xcdatamodeld in Sources */,
				A8DFF79B25AB43B100ACBF50 /* TasksTableViewCell.swift in Sources */,
			);
			runOnlyForDeploymentPostprocessing = 0;
		};
		A8DFF76025AB341A00ACBF50 /* Sources */ = {
			isa = PBXSourcesBuildPhase;
			buildActionMask = 2147483647;
			files = (
				A8DFF76925AB341A00ACBF50 /* CompositeProjectTests.swift in Sources */,
			);
			runOnlyForDeploymentPostprocessing = 0;
		};
		A8DFF76B25AB341A00ACBF50 /* Sources */ = {
			isa = PBXSourcesBuildPhase;
			buildActionMask = 2147483647;
			files = (
				A8DFF77425AB341A00ACBF50 /* CompositeProjectUITests.swift in Sources */,
			);
			runOnlyForDeploymentPostprocessing = 0;
		};
/* End PBXSourcesBuildPhase section */

/* Begin PBXTargetDependency section */
		A8DFF76625AB341A00ACBF50 /* PBXTargetDependency */ = {
			isa = PBXTargetDependency;
			target = A8DFF74A25AB341900ACBF50 /* CompositeProject */;
			targetProxy = A8DFF76525AB341A00ACBF50 /* PBXContainerItemProxy */;
		};
		A8DFF77125AB341A00ACBF50 /* PBXTargetDependency */ = {
			isa = PBXTargetDependency;
			target = A8DFF74A25AB341900ACBF50 /* CompositeProject */;
			targetProxy = A8DFF77025AB341A00ACBF50 /* PBXContainerItemProxy */;
		};
/* End PBXTargetDependency section */

/* Begin PBXVariantGroup section */
		A8DFF75425AB341900ACBF50 /* Main.storyboard */ = {
			isa = PBXVariantGroup;
			children = (
				A8DFF75525AB341900ACBF50 /* Base */,
			);
			name = Main.storyboard;
			sourceTree = "<group>";
		};
		A8DFF75C25AB341A00ACBF50 /* LaunchScreen.storyboard */ = {
			isa = PBXVariantGroup;
			children = (
				A8DFF75D25AB341A00ACBF50 /* Base */,
			);
			name = LaunchScreen.storyboard;
			sourceTree = "<group>";
		};
/* End PBXVariantGroup section */

/* Begin XCBuildConfiguration section */
		A8DFF77625AB341A00ACBF50 /* Debug */ = {
			isa = XCBuildConfiguration;
			buildSettings = {
				ALWAYS_SEARCH_USER_PATHS = NO;
				CLANG_ANALYZER_NONNULL = YES;
				CLANG_ANALYZER_NUMBER_OBJECT_CONVERSION = YES_AGGRESSIVE;
				CLANG_CXX_LANGUAGE_STANDARD = "gnu++14";
				CLANG_CXX_LIBRARY = "libc++";
				CLANG_ENABLE_MODULES = YES;
				CLANG_ENABLE_OBJC_ARC = YES;
				CLANG_ENABLE_OBJC_WEAK = YES;
				CLANG_WARN_BLOCK_CAPTURE_AUTORELEASING = YES;
				CLANG_WARN_BOOL_CONVERSION = YES;
				CLANG_WARN_COMMA = YES;
				CLANG_WARN_CONSTANT_CONVERSION = YES;
				CLANG_WARN_DEPRECATED_OBJC_IMPLEMENTATIONS = YES;
				CLANG_WARN_DIRECT_OBJC_ISA_USAGE = YES_ERROR;
				CLANG_WARN_DOCUMENTATION_COMMENTS = YES;
				CLANG_WARN_EMPTY_BODY = YES;
				CLANG_WARN_ENUM_CONVERSION = YES;
				CLANG_WARN_INFINITE_RECURSION = YES;
				CLANG_WARN_INT_CONVERSION = YES;
				CLANG_WARN_NON_LITERAL_NULL_CONVERSION = YES;
				CLANG_WARN_OBJC_IMPLICIT_RETAIN_SELF = YES;
				CLANG_WARN_OBJC_LITERAL_CONVERSION = YES;
				CLANG_WARN_OBJC_ROOT_CLASS = YES_ERROR;
				CLANG_WARN_QUOTED_INCLUDE_IN_FRAMEWORK_HEADER = YES;
				CLANG_WARN_RANGE_LOOP_ANALYSIS = YES;
				CLANG_WARN_STRICT_PROTOTYPES = YES;
				CLANG_WARN_SUSPICIOUS_MOVE = YES;
				CLANG_WARN_UNGUARDED_AVAILABILITY = YES_AGGRESSIVE;
				CLANG_WARN_UNREACHABLE_CODE = YES;
				CLANG_WARN__DUPLICATE_METHOD_MATCH = YES;
				COPY_PHASE_STRIP = NO;
				DEBUG_INFORMATION_FORMAT = dwarf;
				ENABLE_STRICT_OBJC_MSGSEND = YES;
				ENABLE_TESTABILITY = YES;
				GCC_C_LANGUAGE_STANDARD = gnu11;
				GCC_DYNAMIC_NO_PIC = NO;
				GCC_NO_COMMON_BLOCKS = YES;
				GCC_OPTIMIZATION_LEVEL = 0;
				GCC_PREPROCESSOR_DEFINITIONS = (
					"DEBUG=1",
					"$(inherited)",
				);
				GCC_WARN_64_TO_32_BIT_CONVERSION = YES;
				GCC_WARN_ABOUT_RETURN_TYPE = YES_ERROR;
				GCC_WARN_UNDECLARED_SELECTOR = YES;
				GCC_WARN_UNINITIALIZED_AUTOS = YES_AGGRESSIVE;
				GCC_WARN_UNUSED_FUNCTION = YES;
				GCC_WARN_UNUSED_VARIABLE = YES;
				IPHONEOS_DEPLOYMENT_TARGET = 14.3;
				MTL_ENABLE_DEBUG_INFO = INCLUDE_SOURCE;
				MTL_FAST_MATH = YES;
				ONLY_ACTIVE_ARCH = YES;
				SDKROOT = iphoneos;
				SWIFT_ACTIVE_COMPILATION_CONDITIONS = DEBUG;
				SWIFT_OPTIMIZATION_LEVEL = "-Onone";
			};
			name = Debug;
		};
		A8DFF77725AB341A00ACBF50 /* Release */ = {
			isa = XCBuildConfiguration;
			buildSettings = {
				ALWAYS_SEARCH_USER_PATHS = NO;
				CLANG_ANALYZER_NONNULL = YES;
				CLANG_ANALYZER_NUMBER_OBJECT_CONVERSION = YES_AGGRESSIVE;
				CLANG_CXX_LANGUAGE_STANDARD = "gnu++14";
				CLANG_CXX_LIBRARY = "libc++";
				CLANG_ENABLE_MODULES = YES;
				CLANG_ENABLE_OBJC_ARC = YES;
				CLANG_ENABLE_OBJC_WEAK = YES;
				CLANG_WARN_BLOCK_CAPTURE_AUTORELEASING = YES;
				CLANG_WARN_BOOL_CONVERSION = YES;
				CLANG_WARN_COMMA = YES;
				CLANG_WARN_CONSTANT_CONVERSION = YES;
				CLANG_WARN_DEPRECATED_OBJC_IMPLEMENTATIONS = YES;
				CLANG_WARN_DIRECT_OBJC_ISA_USAGE = YES_ERROR;
				CLANG_WARN_DOCUMENTATION_COMMENTS = YES;
				CLANG_WARN_EMPTY_BODY = YES;
				CLANG_WARN_ENUM_CONVERSION = YES;
				CLANG_WARN_INFINITE_RECURSION = YES;
				CLANG_WARN_INT_CONVERSION = YES;
				CLANG_WARN_NON_LITERAL_NULL_CONVERSION = YES;
				CLANG_WARN_OBJC_IMPLICIT_RETAIN_SELF = YES;
				CLANG_WARN_OBJC_LITERAL_CONVERSION = YES;
				CLANG_WARN_OBJC_ROOT_CLASS = YES_ERROR;
				CLANG_WARN_QUOTED_INCLUDE_IN_FRAMEWORK_HEADER = YES;
				CLANG_WARN_RANGE_LOOP_ANALYSIS = YES;
				CLANG_WARN_STRICT_PROTOTYPES = YES;
				CLANG_WARN_SUSPICIOUS_MOVE = YES;
				CLANG_WARN_UNGUARDED_AVAILABILITY = YES_AGGRESSIVE;
				CLANG_WARN_UNREACHABLE_CODE = YES;
				CLANG_WARN__DUPLICATE_METHOD_MATCH = YES;
				COPY_PHASE_STRIP = NO;
				DEBUG_INFORMATION_FORMAT = "dwarf-with-dsym";
				ENABLE_NS_ASSERTIONS = NO;
				ENABLE_STRICT_OBJC_MSGSEND = YES;
				GCC_C_LANGUAGE_STANDARD = gnu11;
				GCC_NO_COMMON_BLOCKS = YES;
				GCC_WARN_64_TO_32_BIT_CONVERSION = YES;
				GCC_WARN_ABOUT_RETURN_TYPE = YES_ERROR;
				GCC_WARN_UNDECLARED_SELECTOR = YES;
				GCC_WARN_UNINITIALIZED_AUTOS = YES_AGGRESSIVE;
				GCC_WARN_UNUSED_FUNCTION = YES;
				GCC_WARN_UNUSED_VARIABLE = YES;
				IPHONEOS_DEPLOYMENT_TARGET = 14.3;
				MTL_ENABLE_DEBUG_INFO = NO;
				MTL_FAST_MATH = YES;
				SDKROOT = iphoneos;
				SWIFT_COMPILATION_MODE = wholemodule;
				SWIFT_OPTIMIZATION_LEVEL = "-O";
				VALIDATE_PRODUCT = YES;
			};
			name = Release;
		};
		A8DFF77925AB341A00ACBF50 /* Debug */ = {
			isa = XCBuildConfiguration;
			buildSettings = {
				ASSETCATALOG_COMPILER_APPICON_NAME = AppIcon;
				ASSETCATALOG_COMPILER_GLOBAL_ACCENT_COLOR_NAME = AccentColor;
				CODE_SIGN_STYLE = Automatic;
				INFOPLIST_FILE = CompositeProject/Info.plist;
				LD_RUNPATH_SEARCH_PATHS = (
					"$(inherited)",
					"@executable_path/Frameworks",
				);
				PRODUCT_BUNDLE_IDENTIFIER = "-23456.CompositeProject";
				PRODUCT_NAME = "$(TARGET_NAME)";
				SWIFT_VERSION = 5.0;
				TARGETED_DEVICE_FAMILY = "1,2";
			};
			name = Debug;
		};
		A8DFF77A25AB341A00ACBF50 /* Release */ = {
			isa = XCBuildConfiguration;
			buildSettings = {
				ASSETCATALOG_COMPILER_APPICON_NAME = AppIcon;
				ASSETCATALOG_COMPILER_GLOBAL_ACCENT_COLOR_NAME = AccentColor;
				CODE_SIGN_STYLE = Automatic;
				INFOPLIST_FILE = CompositeProject/Info.plist;
				LD_RUNPATH_SEARCH_PATHS = (
					"$(inherited)",
					"@executable_path/Frameworks",
				);
				PRODUCT_BUNDLE_IDENTIFIER = "-23456.CompositeProject";
				PRODUCT_NAME = "$(TARGET_NAME)";
				SWIFT_VERSION = 5.0;
				TARGETED_DEVICE_FAMILY = "1,2";
			};
			name = Release;
		};
		A8DFF77C25AB341A00ACBF50 /* Debug */ = {
			isa = XCBuildConfiguration;
			buildSettings = {
				ALWAYS_EMBED_SWIFT_STANDARD_LIBRARIES = YES;
				BUNDLE_LOADER = "$(TEST_HOST)";
				CODE_SIGN_STYLE = Automatic;
				INFOPLIST_FILE = CompositeProjectTests/Info.plist;
				IPHONEOS_DEPLOYMENT_TARGET = 14.3;
				LD_RUNPATH_SEARCH_PATHS = (
					"$(inherited)",
					"@executable_path/Frameworks",
					"@loader_path/Frameworks",
				);
				PRODUCT_BUNDLE_IDENTIFIER = "-23456.CompositeProjectTests";
				PRODUCT_NAME = "$(TARGET_NAME)";
				SWIFT_VERSION = 5.0;
				TARGETED_DEVICE_FAMILY = "1,2";
				TEST_HOST = "$(BUILT_PRODUCTS_DIR)/CompositeProject.app/CompositeProject";
			};
			name = Debug;
		};
		A8DFF77D25AB341A00ACBF50 /* Release */ = {
			isa = XCBuildConfiguration;
			buildSettings = {
				ALWAYS_EMBED_SWIFT_STANDARD_LIBRARIES = YES;
				BUNDLE_LOADER = "$(TEST_HOST)";
				CODE_SIGN_STYLE = Automatic;
				INFOPLIST_FILE = CompositeProjectTests/Info.plist;
				IPHONEOS_DEPLOYMENT_TARGET = 14.3;
				LD_RUNPATH_SEARCH_PATHS = (
					"$(inherited)",
					"@executable_path/Frameworks",
					"@loader_path/Frameworks",
				);
				PRODUCT_BUNDLE_IDENTIFIER = "-23456.CompositeProjectTests";
				PRODUCT_NAME = "$(TARGET_NAME)";
				SWIFT_VERSION = 5.0;
				TARGETED_DEVICE_FAMILY = "1,2";
				TEST_HOST = "$(BUILT_PRODUCTS_DIR)/CompositeProject.app/CompositeProject";
			};
			name = Release;
		};
		A8DFF77F25AB341A00ACBF50 /* Debug */ = {
			isa = XCBuildConfiguration;
			buildSettings = {
				ALWAYS_EMBED_SWIFT_STANDARD_LIBRARIES = YES;
				CODE_SIGN_STYLE = Automatic;
				INFOPLIST_FILE = CompositeProjectUITests/Info.plist;
				LD_RUNPATH_SEARCH_PATHS = (
					"$(inherited)",
					"@executable_path/Frameworks",
					"@loader_path/Frameworks",
				);
				PRODUCT_BUNDLE_IDENTIFIER = "-23456.CompositeProjectUITests";
				PRODUCT_NAME = "$(TARGET_NAME)";
				SWIFT_VERSION = 5.0;
				TARGETED_DEVICE_FAMILY = "1,2";
				TEST_TARGET_NAME = CompositeProject;
			};
			name = Debug;
		};
		A8DFF78025AB341A00ACBF50 /* Release */ = {
			isa = XCBuildConfiguration;
			buildSettings = {
				ALWAYS_EMBED_SWIFT_STANDARD_LIBRARIES = YES;
				CODE_SIGN_STYLE = Automatic;
				INFOPLIST_FILE = CompositeProjectUITests/Info.plist;
				LD_RUNPATH_SEARCH_PATHS = (
					"$(inherited)",
					"@executable_path/Frameworks",
					"@loader_path/Frameworks",
				);
				PRODUCT_BUNDLE_IDENTIFIER = "-23456.CompositeProjectUITests";
				PRODUCT_NAME = "$(TARGET_NAME)";
				SWIFT_VERSION = 5.0;
				TARGETED_DEVICE_FAMILY = "1,2";
				TEST_TARGET_NAME = CompositeProject;
			};
			name = Release;
		};
/* End XCBuildConfiguration section */

/* Begin XCConfigurationList section */
		A8DFF74625AB341900ACBF50 /* Build configuration list for PBXProject "CompositeProject" */ = {
			isa = XCConfigurationList;
			buildConfigurations = (
				A8DFF77625AB341A00ACBF50 /* Debug */,
				A8DFF77725AB341A00ACBF50 /* Release */,
			);
			defaultConfigurationIsVisible = 0;
			defaultConfigurationName = Release;
		};
		A8DFF77825AB341A00ACBF50 /* Build configuration list for PBXNativeTarget "CompositeProject" */ = {
			isa = XCConfigurationList;
			buildConfigurations = (
				A8DFF77925AB341A00ACBF50 /* Debug */,
				A8DFF77A25AB341A00ACBF50 /* Release */,
			);
			defaultConfigurationIsVisible = 0;
			defaultConfigurationName = Release;
		};
		A8DFF77B25AB341A00ACBF50 /* Build configuration list for PBXNativeTarget "CompositeProjectTests" */ = {
			isa = XCConfigurationList;
			buildConfigurations = (
				A8DFF77C25AB341A00ACBF50 /* Debug */,
				A8DFF77D25AB341A00ACBF50 /* Release */,
			);
			defaultConfigurationIsVisible = 0;
			defaultConfigurationName = Release;
		};
		A8DFF77E25AB341A00ACBF50 /* Build configuration list for PBXNativeTarget "CompositeProjectUITests" */ = {
			isa = XCConfigurationList;
			buildConfigurations = (
				A8DFF77F25AB341A00ACBF50 /* Debug */,
				A8DFF78025AB341A00ACBF50 /* Release */,
			);
			defaultConfigurationIsVisible = 0;
			defaultConfigurationName = Release;
		};
/* End XCConfigurationList section */

/* Begin XCVersionGroup section */
		A8DFF75725AB341900ACBF50 /* CompositeProject.xcdatamodeld */ = {
			isa = XCVersionGroup;
			children = (
				A8DFF75825AB341900ACBF50 /* CompositeProject.xcdatamodel */,
			);
			currentVersion = A8DFF75825AB341900ACBF50 /* CompositeProject.xcdatamodel */;
			path = CompositeProject.xcdatamodeld;
			sourceTree = "<group>";
			versionGroupType = wrapper.xcdatamodel;
		};
/* End XCVersionGroup section */
	};
	rootObject = A8DFF74325AB341900ACBF50 /* Project object */;
}
